{
  "originHash" : "c0139baf0e7d443435454fde7bee54f2333650707aabfb002e86e94fa26ce8d8",
  "pins" : [
    {
      "identity" : "ios-realm-swift",
      "kind" : "remoteSourceControl",
      "location" : "git@github.com:hnaikdev/ios-realm-swift.git",
      "state" : {
        "branch" : "main",
        "revision" : "93c4f46a65719be108272008431f00c6d4738a7c"
      }
    },
    {
      "identity" : "realm-core",
      "kind" : "remoteSourceControl",
      "location" : "https://github.com/realm/realm-core.git",
      "state" : {
        "revision" : "b4192c46305570577c4d08df790fddec5ab3aa04",
        "version" : "20.1.5"
      }
    },
    {
      "identity" : "realm-swift",
      "kind" : "remoteSourceControl",
      "location" : "https://github.com/realm/realm-swift.git",
      "state" : {
        "revision" : "ca03df491ec5e4bb8af0bca1e9957d08c10ec2da",
        "version" : "20.0.5"
      }
    }
  ],
  "version" : 3
}
